
Microsoft Visual Studio Solution File, Format Version 12.00
# Visual Studio Version 16
VisualStudioVersion = 16.0.29519.87
MinimumVisualStudioVersion = 10.0.40219.1
Project("{FAE04EC0-301F-11D3-BF4B-00C04F79EFBC}") = "Echo ClientSide", "Echo ClientSide\Echo ClientSide.csproj", "{FBC94046-B0FC-44CC-B3C5-90E8E39D5664}"
EndProject
Global
	GlobalSection(SolutionConfigurationPlatforms) = preSolution
		Debug|Any CPU = Debug|Any CPU
		Release|Any CPU = Release|Any CPU
	EndGlobalSection
	GlobalSection(ProjectConfigurationPlatforms) = postSolution
		{FBC94046-B0FC-44CC-B3C5-90E8E39D5664}.Debug|Any CPU.ActiveCfg = Debug|Any CPU
		{FBC94046-B0FC-44CC-B3C5-90E8E39D5664}.Debug|Any CPU.Build.0 = Debug|Any CPU
		{FBC94046-B0FC-44CC-B3C5-90E8E39D5664}.Release|Any CPU.ActiveCfg = Release|Any CPU
		{FBC94046-B0FC-44CC-B3C5-90E8E39D5664}.Release|Any CPU.Build.0 = Release|Any CPU
	EndGlobalSection
	GlobalSection(SolutionProperties) = preSolution
		HideSolutionNode = FALSE
	EndGlobalSection
	GlobalSection(ExtensibilityGlobals) = postSolution
		SolutionGuid = {59254C04-7399-403A-8C15-52008F6BB899}
	EndGlobalSection
EndGlobal
